{
  "object": {
    "pins": [
      {
        "package": "Purchases",
        "repositoryURL": "https://github.com/RevenueCat/purchases-ios",
        "state": {
          "branch": null,
          "revision": "4cbba0e1c088270bcc131ea5a81fb8c4cef9e286",
          "version": "3.7.3"
        }
      }
    ]
  },
  "version": 1
}
