{
  "object": {
    "pins": [
      {
        "package": "Down",
        "repositoryURL": "https://github.com/johnxnguyen/Down.git",
        "state": {
          "branch": null,
          "revision": "f34b166be1f1db4aa8f573067e901d72f2a6be57",
          "version": "0.11.0"
        }
      },
      {
        "package": "NativeSearchBar",
        "repositoryURL": "https://github.com/lisindima/NativeSearchBar.git",
        "state": {
          "branch": null,
          "revision": "a43b661272fde6992dcb73267e024adb474779d8",
          "version": "2.2.0"
        }
      },
      {
        "package": "Purchases",
        "repositoryURL": "https://github.com/RevenueCat/purchases-ios",
        "state": {
          "branch": null,
          "revision": "2811b25d8f275429e5d001e3990426ebba5147f4",
          "version": "3.11.1"
        }
      },
      {
        "package": "SwiftDown",
        "repositoryURL": "https://github.com/qeude/SwiftDown",
        "state": {
          "branch": null,
          "revision": "f2879f474d4015548a99686fa97652cf9f3fe1a0",
          "version": "0.2.0"
        }
      }
    ]
  },
  "version": 1
}
