// !$*UTF8*$!
{
	archiveVersion = 1;
	classes = {
	};
	objectVersion = 50;
	objects = {

/* Begin PBXBuildFile section */
		CBF26F8E25289454001C8B1A /* NoteHubApp.swift in Sources */ = {isa = PBXBuildFile; fileRef = CBF26F7B25289451001C8B1A /* NoteHubApp.swift */; };
		CBF26F8F25289454001C8B1A /* NoteHubApp.swift in Sources */ = {isa = PBXBuildFile; fileRef = CBF26F7B25289451001C8B1A /* NoteHubApp.swift */; };
		CBF26F9025289454001C8B1A /* ContentView.swift in Sources */ = {isa = PBXBuildFile; fileRef = CBF26F7C25289451001C8B1A /* ContentView.swift */; };
		CBF26F9125289454001C8B1A /* ContentView.swift in Sources */ = {isa = PBXBuildFile; fileRef = CBF26F7C25289451001C8B1A /* ContentView.swift */; };
		CBF26F9225289454001C8B1A /* Assets.xcassets in Resources */ = {isa = PBXBuildFile; fileRef = CBF26F7D25289454001C8B1A /* Assets.xcassets */; };
		CBF26F9325289454001C8B1A /* Assets.xcassets in Resources */ = {isa = PBXBuildFile; fileRef = CBF26F7D25289454001C8B1A /* Assets.xcassets */; };
/* End PBXBuildFile section */

/* Begin PBXFileReference section */
		CB284BD4252896FF0066C6D1 /* NoteHub.entitlements */ = {isa = PBXFileReference; lastKnownFileType = text.plist.entitlements; path = NoteHub.entitlements; sourceTree = "<group>"; };
		CBF26F7B25289451001C8B1A /* NoteHubApp.swift */ = {isa = PBXFileReference; lastKnownFileType = sourcecode.swift; path = NoteHubApp.swift; sourceTree = "<group>"; };
		CBF26F7C25289451001C8B1A /* ContentView.swift */ = {isa = PBXFileReference; lastKnownFileType = sourcecode.swift; path = ContentView.swift; sourceTree = "<group>"; };
		CBF26F7D25289454001C8B1A /* Assets.xcassets */ = {isa = PBXFileReference; lastKnownFileType = folder.assetcatalog; path = Assets.xcassets; sourceTree = "<group>"; };
		CBF26F8225289454001C8B1A /* NoteHub.app */ = {isa = PBXFileReference; explicitFileType = wrapper.application; includeInIndex = 0; path = NoteHub.app; sourceTree = BUILT_PRODUCTS_DIR; };
		CBF26F8525289454001C8B1A /* Info.plist */ = {isa = PBXFileReference; lastKnownFileType = text.plist.xml; path = Info.plist; sourceTree = "<group>"; };
		CBF26F8A25289454001C8B1A /* NoteHub.app */ = {isa = PBXFileReference; explicitFileType = wrapper.application; includeInIndex = 0; path = NoteHub.app; sourceTree = BUILT_PRODUCTS_DIR; };
		CBF26F8C25289454001C8B1A /* Info.plist */ = {isa = PBXFileReference; lastKnownFileType = text.plist.xml; path = Info.plist; sourceTree = "<group>"; };
		CBF26F8D25289454001C8B1A /* macOS.entitlements */ = {isa = PBXFileReference; lastKnownFileType = text.plist.entitlements; path = macOS.entitlements; sourceTree = "<group>"; };
/* End PBXFileReference section */

/* Begin PBXFrameworksBuildPhase section */
		CBF26F7F25289454001C8B1A /* Frameworks */ = {
			isa = PBXFrameworksBuildPhase;
			buildActionMask = 2147483647;
			files = (
			);
			runOnlyForDeploymentPostprocessing = 0;
		};
		CBF26F8725289454001C8B1A /* Frameworks */ = {
			isa = PBXFrameworksBuildPhase;
			buildActionMask = 2147483647;
			files = (
			);
			runOnlyForDeploymentPostprocessing = 0;
		};
/* End PBXFrameworksBuildPhase section */

/* Begin PBXGroup section */
		CBF26F7525289451001C8B1A = {
			isa = PBXGroup;
			children = (
				CB284BD4252896FF0066C6D1 /* NoteHub.entitlements */,
				CBF26F7A25289451001C8B1A /* Shared */,
				CBF26F8425289454001C8B1A /* iOS */,
				CBF26F8B25289454001C8B1A /* macOS */,
				CBF26F8325289454001C8B1A /* Products */,
			);
			sourceTree = "<group>";
		};
		CBF26F7A25289451001C8B1A /* Shared */ = {
			isa = PBXGroup;
			children = (
				CBF26F7B25289451001C8B1A /* NoteHubApp.swift */,
				CBF26F7C25289451001C8B1A /* ContentView.swift */,
				CBF26F7D25289454001C8B1A /* Assets.xcassets */,
			);
			path = Shared;
			sourceTree = "<group>";
		};
		CBF26F8325289454001C8B1A /* Products */ = {
			isa = PBXGroup;
			children = (
				CBF26F8225289454001C8B1A /* NoteHub.app */,
				CBF26F8A25289454001C8B1A /* NoteHub.app */,
			);
			name = Products;
			sourceTree = "<group>";
		};
		CBF26F8425289454001C8B1A /* iOS */ = {
			isa = PBXGroup;
			children = (
				CBF26F8525289454001C8B1A /* Info.plist */,
			);
			path = iOS;
			sourceTree = "<group>";
		};
		CBF26F8B25289454001C8B1A /* macOS */ = {
			isa = PBXGroup;
			children = (
				CBF26F8C25289454001C8B1A /* Info.plist */,
				CBF26F8D25289454001C8B1A /* macOS.entitlements */,
			);
			path = macOS;
			sourceTree = "<group>";
		};
/* End PBXGroup section */

/* Begin PBXNativeTarget section */
		CBF26F8125289454001C8B1A /* NoteHub (iOS) */ = {
			isa = PBXNativeTarget;
			buildConfigurationList = CBF26F9625289454001C8B1A /* Build configuration list for PBXNativeTarget "NoteHub (iOS)" */;
			buildPhases = (
				CBF26F7E25289454001C8B1A /* Sources */,
				CBF26F7F25289454001C8B1A /* Frameworks */,
				CBF26F8025289454001C8B1A /* Resources */,
			);
			buildRules = (
			);
			dependencies = (
			);
			name = "NoteHub (iOS)";
			productName = "NoteHub (iOS)";
			productReference = CBF26F8225289454001C8B1A /* NoteHub.app */;
			productType = "com.apple.product-type.application";
		};
		CBF26F8925289454001C8B1A /* NoteHub (macOS) */ = {
			isa = PBXNativeTarget;
			buildConfigurationList = CBF26F9925289454001C8B1A /* Build configuration list for PBXNativeTarget "NoteHub (macOS)" */;
			buildPhases = (
				CBF26F8625289454001C8B1A /* Sources */,
				CBF26F8725289454001C8B1A /* Frameworks */,
				CBF26F8825289454001C8B1A /* Resources */,
			);
			buildRules = (
			);
			dependencies = (
			);
			name = "NoteHub (macOS)";
			productName = "NoteHub (macOS)";
			productReference = CBF26F8A25289454001C8B1A /* NoteHub.app */;
			productType = "com.apple.product-type.application";
		};
/* End PBXNativeTarget section */

/* Begin PBXProject section */
		CBF26F7625289451001C8B1A /* Project object */ = {
			isa = PBXProject;
			attributes = {
				LastSwiftUpdateCheck = 1220;
				LastUpgradeCheck = 1230;
				TargetAttributes = {
					CBF26F8125289454001C8B1A = {
						CreatedOnToolsVersion = 12.2;
					};
					CBF26F8925289454001C8B1A = {
						CreatedOnToolsVersion = 12.2;
					};
				};
			};
			buildConfigurationList = CBF26F7925289451001C8B1A /* Build configuration list for PBXProject "NoteHub" */;
			compatibilityVersion = "Xcode 9.3";
			developmentRegion = en;
			hasScannedForEncodings = 0;
			knownRegions = (
				en,
				Base,
			);
			mainGroup = CBF26F7525289451001C8B1A;
			productRefGroup = CBF26F8325289454001C8B1A /* Products */;
			projectDirPath = "";
			projectRoot = "";
			targets = (
				CBF26F8125289454001C8B1A /* NoteHub (iOS) */,
				CBF26F8925289454001C8B1A /* NoteHub (macOS) */,
			);
		};
/* End PBXProject section */

/* Begin PBXResourcesBuildPhase section */
		CBF26F8025289454001C8B1A /* Resources */ = {
			isa = PBXResourcesBuildPhase;
			buildActionMask = 2147483647;
			files = (
				CBF26F9225289454001C8B1A /* Assets.xcassets in Resources */,
			);
			runOnlyForDeploymentPostprocessing = 0;
		};
		CBF26F8825289454001C8B1A /* Resources */ = {
			isa = PBXResourcesBuildPhase;
			buildActionMask = 2147483647;
			files = (
				CBF26F9325289454001C8B1A /* Assets.xcassets in Resources */,
			);
			runOnlyForDeploymentPostprocessing = 0;
		};
/* End PBXResourcesBuildPhase section */

/* Begin PBXSourcesBuildPhase section */
		CBF26F7E25289454001C8B1A /* Sources */ = {
			isa = PBXSourcesBuildPhase;
			buildActionMask = 2147483647;
			files = (
				CBF26F9025289454001C8B1A /* ContentView.swift in Sources */,
				CBF26F8E25289454001C8B1A /* NoteHubApp.swift in Sources */,
			);
			runOnlyForDeploymentPostprocessing = 0;
		};
		CBF26F8625289454001C8B1A /* Sources */ = {
			isa = PBXSourcesBuildPhase;
			buildActionMask = 2147483647;
			files = (
				CBF26F9125289454001C8B1A /* ContentView.swift in Sources */,
				CBF26F8F25289454001C8B1A /* NoteHubApp.swift in Sources */,
			);
			runOnlyForDeploymentPostprocessing = 0;
		};
/* End PBXSourcesBuildPhase section */

/* Begin XCBuildConfiguration section */
		CBF26F9425289454001C8B1A /* Debug */ = {
			isa = XCBuildConfiguration;
			buildSettings = {
				ALWAYS_SEARCH_USER_PATHS = NO;
				CLANG_ANALYZER_NONNULL = YES;
				CLANG_ANALYZER_NUMBER_OBJECT_CONVERSION = YES_AGGRESSIVE;
				CLANG_CXX_LANGUAGE_STANDARD = "gnu++14";
				CLANG_CXX_LIBRARY = "libc++";
				CLANG_ENABLE_MODULES = YES;
				CLANG_ENABLE_OBJC_ARC = YES;
				CLANG_ENABLE_OBJC_WEAK = YES;
				CLANG_WARN_BLOCK_CAPTURE_AUTORELEASING = YES;
				CLANG_WARN_BOOL_CONVERSION = YES;
				CLANG_WARN_COMMA = YES;
				CLANG_WARN_CONSTANT_CONVERSION = YES;
				CLANG_WARN_DEPRECATED_OBJC_IMPLEMENTATIONS = YES;
				CLANG_WARN_DIRECT_OBJC_ISA_USAGE = YES_ERROR;
				CLANG_WARN_DOCUMENTATION_COMMENTS = YES;
				CLANG_WARN_EMPTY_BODY = YES;
				CLANG_WARN_ENUM_CONVERSION = YES;
				CLANG_WARN_INFINITE_RECURSION = YES;
				CLANG_WARN_INT_CONVERSION = YES;
				CLANG_WARN_NON_LITERAL_NULL_CONVERSION = YES;
				CLANG_WARN_OBJC_IMPLICIT_RETAIN_SELF = YES;
				CLANG_WARN_OBJC_LITERAL_CONVERSION = YES;
				CLANG_WARN_OBJC_ROOT_CLASS = YES_ERROR;
				CLANG_WARN_QUOTED_INCLUDE_IN_FRAMEWORK_HEADER = YES;
				CLANG_WARN_RANGE_LOOP_ANALYSIS = YES;
				CLANG_WARN_STRICT_PROTOTYPES = YES;
				CLANG_WARN_SUSPICIOUS_MOVE = YES;
				CLANG_WARN_UNGUARDED_AVAILABILITY = YES_AGGRESSIVE;
				CLANG_WARN_UNREACHABLE_CODE = YES;
				CLANG_WARN__DUPLICATE_METHOD_MATCH = YES;
				COPY_PHASE_STRIP = NO;
				DEBUG_INFORMATION_FORMAT = dwarf;
				ENABLE_STRICT_OBJC_MSGSEND = YES;
				ENABLE_TESTABILITY = YES;
				GCC_C_LANGUAGE_STANDARD = gnu11;
				GCC_DYNAMIC_NO_PIC = NO;
				GCC_NO_COMMON_BLOCKS = YES;
				GCC_OPTIMIZATION_LEVEL = 0;
				GCC_PREPROCESSOR_DEFINITIONS = (
					"DEBUG=1",
					"$(inherited)",
				);
				GCC_WARN_64_TO_32_BIT_CONVERSION = YES;
				GCC_WARN_ABOUT_RETURN_TYPE = YES_ERROR;
				GCC_WARN_UNDECLARED_SELECTOR = YES;
				GCC_WARN_UNINITIALIZED_AUTOS = YES_AGGRESSIVE;
				GCC_WARN_UNUSED_FUNCTION = YES;
				GCC_WARN_UNUSED_VARIABLE = YES;
				IPHONEOS_DEPLOYMENT_TARGET = 14.2;
				MACOSX_DEPLOYMENT_TARGET = 11.0;
				MTL_ENABLE_DEBUG_INFO = INCLUDE_SOURCE;
				MTL_FAST_MATH = YES;
				ONLY_ACTIVE_ARCH = YES;
				SWIFT_ACTIVE_COMPILATION_CONDITIONS = DEBUG;
				SWIFT_OPTIMIZATION_LEVEL = "-Onone";
			};
			name = Debug;
		};
		CBF26F9525289454001C8B1A /* Release */ = {
			isa = XCBuildConfiguration;
			buildSettings = {
				ALWAYS_SEARCH_USER_PATHS = NO;
				CLANG_ANALYZER_NONNULL = YES;
				CLANG_ANALYZER_NUMBER_OBJECT_CONVERSION = YES_AGGRESSIVE;
				CLANG_CXX_LANGUAGE_STANDARD = "gnu++14";
				CLANG_CXX_LIBRARY = "libc++";
				CLANG_ENABLE_MODULES = YES;
				CLANG_ENABLE_OBJC_ARC = YES;
				CLANG_ENABLE_OBJC_WEAK = YES;
				CLANG_WARN_BLOCK_CAPTURE_AUTORELEASING = YES;
				CLANG_WARN_BOOL_CONVERSION = YES;
				CLANG_WARN_COMMA = YES;
				CLANG_WARN_CONSTANT_CONVERSION = YES;
				CLANG_WARN_DEPRECATED_OBJC_IMPLEMENTATIONS = YES;
				CLANG_WARN_DIRECT_OBJC_ISA_USAGE = YES_ERROR;
				CLANG_WARN_DOCUMENTATION_COMMENTS = YES;
				CLANG_WARN_EMPTY_BODY = YES;
				CLANG_WARN_ENUM_CONVERSION = YES;
				CLANG_WARN_INFINITE_RECURSION = YES;
				CLANG_WARN_INT_CONVERSION = YES;
				CLANG_WARN_NON_LITERAL_NULL_CONVERSION = YES;
				CLANG_WARN_OBJC_IMPLICIT_RETAIN_SELF = YES;
				CLANG_WARN_OBJC_LITERAL_CONVERSION = YES;
				CLANG_WARN_OBJC_ROOT_CLASS = YES_ERROR;
				CLANG_WARN_QUOTED_INCLUDE_IN_FRAMEWORK_HEADER = YES;
				CLANG_WARN_RANGE_LOOP_ANALYSIS = YES;
				CLANG_WARN_STRICT_PROTOTYPES = YES;
				CLANG_WARN_SUSPICIOUS_MOVE = YES;
				CLANG_WARN_UNGUARDED_AVAILABILITY = YES_AGGRESSIVE;
				CLANG_WARN_UNREACHABLE_CODE = YES;
				CLANG_WARN__DUPLICATE_METHOD_MATCH = YES;
				COPY_PHASE_STRIP = NO;
				DEBUG_INFORMATION_FORMAT = "dwarf-with-dsym";
				ENABLE_NS_ASSERTIONS = NO;
				ENABLE_STRICT_OBJC_MSGSEND = YES;
				GCC_C_LANGUAGE_STANDARD = gnu11;
				GCC_NO_COMMON_BLOCKS = YES;
				GCC_WARN_64_TO_32_BIT_CONVERSION = YES;
				GCC_WARN_ABOUT_RETURN_TYPE = YES_ERROR;
				GCC_WARN_UNDECLARED_SELECTOR = YES;
				GCC_WARN_UNINITIALIZED_AUTOS = YES_AGGRESSIVE;
				GCC_WARN_UNUSED_FUNCTION = YES;
				GCC_WARN_UNUSED_VARIABLE = YES;
				IPHONEOS_DEPLOYMENT_TARGET = 14.2;
				MACOSX_DEPLOYMENT_TARGET = 11.0;
				MTL_ENABLE_DEBUG_INFO = NO;
				MTL_FAST_MATH = YES;
				SWIFT_COMPILATION_MODE = wholemodule;
				SWIFT_OPTIMIZATION_LEVEL = "-O";
			};
			name = Release;
		};
		CBF26F9725289454001C8B1A /* Debug */ = {
			isa = XCBuildConfiguration;
			buildSettings = {
				ASSETCATALOG_COMPILER_APPICON_NAME = AppIcon;
				ASSETCATALOG_COMPILER_GLOBAL_ACCENT_COLOR_NAME = AccentColor;
				CODE_SIGN_ENTITLEMENTS = NoteHub.entitlements;
				CODE_SIGN_STYLE = Automatic;
				DEVELOPMENT_TEAM = 48HFZR3X8K;
				ENABLE_PREVIEWS = YES;
				INFOPLIST_FILE = iOS/Info.plist;
				IPHONEOS_DEPLOYMENT_TARGET = 14.2;
				LD_RUNPATH_SEARCH_PATHS = (
					"$(inherited)",
					"@executable_path/Frameworks",
				);
				PRODUCT_BUNDLE_IDENTIFIER = com.darkfox.notehub;
				PRODUCT_NAME = NoteHub;
				SDKROOT = iphoneos;
				SWIFT_VERSION = 5.0;
				TARGETED_DEVICE_FAMILY = "1,2";
			};
			name = Debug;
		};
		CBF26F9825289454001C8B1A /* Release */ = {
			isa = XCBuildConfiguration;
			buildSettings = {
				ASSETCATALOG_COMPILER_APPICON_NAME = AppIcon;
				ASSETCATALOG_COMPILER_GLOBAL_ACCENT_COLOR_NAME = AccentColor;
				CODE_SIGN_ENTITLEMENTS = NoteHub.entitlements;
				CODE_SIGN_STYLE = Automatic;
				DEVELOPMENT_TEAM = 48HFZR3X8K;
				ENABLE_PREVIEWS = YES;
				INFOPLIST_FILE = iOS/Info.plist;
				IPHONEOS_DEPLOYMENT_TARGET = 14.2;
				LD_RUNPATH_SEARCH_PATHS = (
					"$(inherited)",
					"@executable_path/Frameworks",
				);
				PRODUCT_BUNDLE_IDENTIFIER = com.darkfox.notehub;
				PRODUCT_NAME = NoteHub;
				SDKROOT = iphoneos;
				SWIFT_VERSION = 5.0;
				TARGETED_DEVICE_FAMILY = "1,2";
				VALIDATE_PRODUCT = YES;
			};
			name = Release;
		};
		CBF26F9A25289454001C8B1A /* Debug */ = {
			isa = XCBuildConfiguration;
			buildSettings = {
				ASSETCATALOG_COMPILER_APPICON_NAME = AppIcon;
				ASSETCATALOG_COMPILER_GLOBAL_ACCENT_COLOR_NAME = AccentColor;
				CODE_SIGN_ENTITLEMENTS = macOS/macOS.entitlements;
				CODE_SIGN_IDENTITY = "Apple Development";
				CODE_SIGN_STYLE = Automatic;
				COMBINE_HIDPI_IMAGES = YES;
				DEVELOPMENT_TEAM = 48HFZR3X8K;
				ENABLE_HARDENED_RUNTIME = YES;
				ENABLE_PREVIEWS = YES;
				INFOPLIST_FILE = macOS/Info.plist;
				LD_RUNPATH_SEARCH_PATHS = (
					"$(inherited)",
					"@executable_path/../Frameworks",
				);
				MACOSX_DEPLOYMENT_TARGET = 11.0;
				PRODUCT_BUNDLE_IDENTIFIER = com.darkfox.notehub;
				PRODUCT_NAME = NoteHub;
				SDKROOT = macosx;
				SWIFT_VERSION = 5.0;
			};
			name = Debug;
		};
		CBF26F9B25289454001C8B1A /* Release */ = {
			isa = XCBuildConfiguration;
			buildSettings = {
				ASSETCATALOG_COMPILER_APPICON_NAME = AppIcon;
				ASSETCATALOG_COMPILER_GLOBAL_ACCENT_COLOR_NAME = AccentColor;
				CODE_SIGN_ENTITLEMENTS = macOS/macOS.entitlements;
				CODE_SIGN_IDENTITY = "Apple Development";
				CODE_SIGN_STYLE = Automatic;
				COMBINE_HIDPI_IMAGES = YES;
				DEVELOPMENT_TEAM = 48HFZR3X8K;
				ENABLE_HARDENED_RUNTIME = YES;
				ENABLE_PREVIEWS = YES;
				INFOPLIST_FILE = macOS/Info.plist;
				LD_RUNPATH_SEARCH_PATHS = (
					"$(inherited)",
					"@executable_path/../Frameworks",
				);
				MACOSX_DEPLOYMENT_TARGET = 11.0;
				PRODUCT_BUNDLE_IDENTIFIER = com.darkfox.notehub;
				PRODUCT_NAME = NoteHub;
				SDKROOT = macosx;
				SWIFT_VERSION = 5.0;
			};
			name = Release;
		};
/* End XCBuildConfiguration section */

/* Begin XCConfigurationList section */
		CBF26F7925289451001C8B1A /* Build configuration list for PBXProject "NoteHub" */ = {
			isa = XCConfigurationList;
			buildConfigurations = (
				CBF26F9425289454001C8B1A /* Debug */,
				CBF26F9525289454001C8B1A /* Release */,
			);
			defaultConfigurationIsVisible = 0;
			defaultConfigurationName = Release;
		};
		CBF26F9625289454001C8B1A /* Build configuration list for PBXNativeTarget "NoteHub (iOS)" */ = {
			isa = XCConfigurationList;
			buildConfigurations = (
				CBF26F9725289454001C8B1A /* Debug */,
				CBF26F9825289454001C8B1A /* Release */,
			);
			defaultConfigurationIsVisible = 0;
			defaultConfigurationName = Release;
		};
		CBF26F9925289454001C8B1A /* Build configuration list for PBXNativeTarget "NoteHub (macOS)" */ = {
			isa = XCConfigurationList;
			buildConfigurations = (
				CBF26F9A25289454001C8B1A /* Debug */,
				CBF26F9B25289454001C8B1A /* Release */,
			);
			defaultConfigurationIsVisible = 0;
			defaultConfigurationName = Release;
		};
/* End XCConfigurationList section */
	};
	rootObject = CBF26F7625289451001C8B1A /* Project object */;
}
