// !$*UTF8*$!
{
	archiveVersion = 1;
	classes = {
	};
	objectVersion = 52;
	objects = {

/* Begin PBXBuildFile section */
		CB3167A52591C79C00291DF6 /* Localizable.strings in Resources */ = {isa = PBXBuildFile; fileRef = CB3167A82591C79C00291DF6 /* Localizable.strings */; };
		CB3167A62591C79C00291DF6 /* Localizable.strings in Resources */ = {isa = PBXBuildFile; fileRef = CB3167A82591C79C00291DF6 /* Localizable.strings */; };
		CB57C6C2258F34B500389C1E /* CreateNote.swift in Sources */ = {isa = PBXBuildFile; fileRef = CB57C6C1258F34B500389C1E /* CreateNote.swift */; };
		CB57C6C3258F34B500389C1E /* CreateNote.swift in Sources */ = {isa = PBXBuildFile; fileRef = CB57C6C1258F34B500389C1E /* CreateNote.swift */; };
		CB698011258F4CA800E3C49E /* SideBar.swift in Sources */ = {isa = PBXBuildFile; fileRef = CB698010258F4CA800E3C49E /* SideBar.swift */; };
		CB698012258F4CA800E3C49E /* SideBar.swift in Sources */ = {isa = PBXBuildFile; fileRef = CB698010258F4CA800E3C49E /* SideBar.swift */; };
		CB69801A258F4CDD00E3C49E /* SettingsView.swift in Sources */ = {isa = PBXBuildFile; fileRef = CB698019258F4CDD00E3C49E /* SettingsView.swift */; };
		CB69801B258F4CDD00E3C49E /* SettingsView.swift in Sources */ = {isa = PBXBuildFile; fileRef = CB698019258F4CDD00E3C49E /* SettingsView.swift */; };
		CB698022258F4D4900E3C49E /* RootView.swift in Sources */ = {isa = PBXBuildFile; fileRef = CB698020258F4D0B00E3C49E /* RootView.swift */; };
		CB698023258F4D4900E3C49E /* RootView.swift in Sources */ = {isa = PBXBuildFile; fileRef = CB698020258F4D0B00E3C49E /* RootView.swift */; };
		CB720F6B258C5809001B65DC /* TrashList.swift in Sources */ = {isa = PBXBuildFile; fileRef = CB720F6A258C5809001B65DC /* TrashList.swift */; };
		CB720F6C258C5809001B65DC /* TrashList.swift in Sources */ = {isa = PBXBuildFile; fileRef = CB720F6A258C5809001B65DC /* TrashList.swift */; };
		CB720F72258C58CB001B65DC /* NoteItem.swift in Sources */ = {isa = PBXBuildFile; fileRef = CB720F71258C58CB001B65DC /* NoteItem.swift */; };
		CB720F73258C58CB001B65DC /* NoteItem.swift in Sources */ = {isa = PBXBuildFile; fileRef = CB720F71258C58CB001B65DC /* NoteItem.swift */; };
		CB720F77258C58FA001B65DC /* NoteDetails.swift in Sources */ = {isa = PBXBuildFile; fileRef = CB720F76258C58FA001B65DC /* NoteDetails.swift */; };
		CB720F78258C58FA001B65DC /* NoteDetails.swift in Sources */ = {isa = PBXBuildFile; fileRef = CB720F76258C58FA001B65DC /* NoteDetails.swift */; };
		CB8982792590DA1200830577 /* TabBar.swift in Sources */ = {isa = PBXBuildFile; fileRef = CB8982782590DA1200830577 /* TabBar.swift */; };
		CB8982812590E49D00830577 /* HighlightedTextEditor in Frameworks */ = {isa = PBXBuildFile; productRef = CB8982802590E49D00830577 /* HighlightedTextEditor */; };
		CB8982852590E4AD00830577 /* HighlightedTextEditor in Frameworks */ = {isa = PBXBuildFile; productRef = CB8982842590E4AD00830577 /* HighlightedTextEditor */; };
		CBA119792589DFCD001ACFA6 /* NoteHub.xcdatamodeld in Sources */ = {isa = PBXBuildFile; fileRef = CBA119632589DFCA001ACFA6 /* NoteHub.xcdatamodeld */; };
		CBA1197A2589DFCD001ACFA6 /* NoteHub.xcdatamodeld in Sources */ = {isa = PBXBuildFile; fileRef = CBA119632589DFCA001ACFA6 /* NoteHub.xcdatamodeld */; };
		CBA1197B2589DFCD001ACFA6 /* NoteHubApp.swift in Sources */ = {isa = PBXBuildFile; fileRef = CBA119652589DFCA001ACFA6 /* NoteHubApp.swift */; };
		CBA1197C2589DFCD001ACFA6 /* NoteHubApp.swift in Sources */ = {isa = PBXBuildFile; fileRef = CBA119652589DFCA001ACFA6 /* NoteHubApp.swift */; };
		CBA1197D2589DFCD001ACFA6 /* NoteList.swift in Sources */ = {isa = PBXBuildFile; fileRef = CBA119662589DFCA001ACFA6 /* NoteList.swift */; };
		CBA1197E2589DFCD001ACFA6 /* NoteList.swift in Sources */ = {isa = PBXBuildFile; fileRef = CBA119662589DFCA001ACFA6 /* NoteList.swift */; };
		CBA1197F2589DFCD001ACFA6 /* Persistence.swift in Sources */ = {isa = PBXBuildFile; fileRef = CBA119672589DFCA001ACFA6 /* Persistence.swift */; };
		CBA119802589DFCD001ACFA6 /* Persistence.swift in Sources */ = {isa = PBXBuildFile; fileRef = CBA119672589DFCA001ACFA6 /* Persistence.swift */; };
		CBA119812589DFCD001ACFA6 /* Assets.xcassets in Resources */ = {isa = PBXBuildFile; fileRef = CBA119682589DFCC001ACFA6 /* Assets.xcassets */; };
		CBA119822589DFCD001ACFA6 /* Assets.xcassets in Resources */ = {isa = PBXBuildFile; fileRef = CBA119682589DFCC001ACFA6 /* Assets.xcassets */; };
		CBCD4B6C258B8A1400FFF109 /* CloudKit.framework in Frameworks */ = {isa = PBXBuildFile; fileRef = CBCD4B6B258B8A1400FFF109 /* CloudKit.framework */; };
		CBCD4B6E258B8A4400FFF109 /* CloudKit.framework in Frameworks */ = {isa = PBXBuildFile; fileRef = CBCD4B6D258B8A4400FFF109 /* CloudKit.framework */; };
		CBEE4FD925930E430090DD9F /* Modifier.swift in Sources */ = {isa = PBXBuildFile; fileRef = CBEE4FD825930E430090DD9F /* Modifier.swift */; };
		CBEE4FDA25930E430090DD9F /* Modifier.swift in Sources */ = {isa = PBXBuildFile; fileRef = CBEE4FD825930E430090DD9F /* Modifier.swift */; };
		CBEE4FDF25931BDE0090DD9F /* NativeSearchBar in Frameworks */ = {isa = PBXBuildFile; productRef = CBEE4FDE25931BDE0090DD9F /* NativeSearchBar */; };
		CBF94D4D2593966A002E3BF9 /* NativeSearchBar in Frameworks */ = {isa = PBXBuildFile; productRef = CBF94D4C2593966A002E3BF9 /* NativeSearchBar */; };
/* End PBXBuildFile section */

/* Begin PBXFileReference section */
		CB3167A72591C79C00291DF6 /* ru */ = {isa = PBXFileReference; lastKnownFileType = text.plist.strings; name = ru; path = ru.lproj/Localizable.strings; sourceTree = "<group>"; };
		CB3167AB2591C7A500291DF6 /* en */ = {isa = PBXFileReference; lastKnownFileType = text.plist.strings; name = en; path = en.lproj/Localizable.strings; sourceTree = "<group>"; };
		CB57C6C1258F34B500389C1E /* CreateNote.swift */ = {isa = PBXFileReference; lastKnownFileType = sourcecode.swift; path = CreateNote.swift; sourceTree = "<group>"; };
		CB698010258F4CA800E3C49E /* SideBar.swift */ = {isa = PBXFileReference; lastKnownFileType = sourcecode.swift; path = SideBar.swift; sourceTree = "<group>"; };
		CB698019258F4CDD00E3C49E /* SettingsView.swift */ = {isa = PBXFileReference; lastKnownFileType = sourcecode.swift; path = SettingsView.swift; sourceTree = "<group>"; };
		CB698020258F4D0B00E3C49E /* RootView.swift */ = {isa = PBXFileReference; lastKnownFileType = sourcecode.swift; path = RootView.swift; sourceTree = "<group>"; };
		CB720F6A258C5809001B65DC /* TrashList.swift */ = {isa = PBXFileReference; lastKnownFileType = sourcecode.swift; path = TrashList.swift; sourceTree = "<group>"; };
		CB720F71258C58CB001B65DC /* NoteItem.swift */ = {isa = PBXFileReference; lastKnownFileType = sourcecode.swift; path = NoteItem.swift; sourceTree = "<group>"; };
		CB720F76258C58FA001B65DC /* NoteDetails.swift */ = {isa = PBXFileReference; lastKnownFileType = sourcecode.swift; path = NoteDetails.swift; sourceTree = "<group>"; };
		CB8982782590DA1200830577 /* TabBar.swift */ = {isa = PBXFileReference; lastKnownFileType = sourcecode.swift; path = TabBar.swift; sourceTree = "<group>"; };
		CBA119642589DFCA001ACFA6 /* Shared.xcdatamodel */ = {isa = PBXFileReference; lastKnownFileType = wrapper.xcdatamodel; path = Shared.xcdatamodel; sourceTree = "<group>"; };
		CBA119652589DFCA001ACFA6 /* NoteHubApp.swift */ = {isa = PBXFileReference; lastKnownFileType = sourcecode.swift; path = NoteHubApp.swift; sourceTree = "<group>"; };
		CBA119662589DFCA001ACFA6 /* NoteList.swift */ = {isa = PBXFileReference; lastKnownFileType = sourcecode.swift; path = NoteList.swift; sourceTree = "<group>"; };
		CBA119672589DFCA001ACFA6 /* Persistence.swift */ = {isa = PBXFileReference; lastKnownFileType = sourcecode.swift; path = Persistence.swift; sourceTree = "<group>"; };
		CBA119682589DFCC001ACFA6 /* Assets.xcassets */ = {isa = PBXFileReference; lastKnownFileType = folder.assetcatalog; path = Assets.xcassets; sourceTree = "<group>"; };
		CBA1196D2589DFCD001ACFA6 /* NoteHub.app */ = {isa = PBXFileReference; explicitFileType = wrapper.application; includeInIndex = 0; path = NoteHub.app; sourceTree = BUILT_PRODUCTS_DIR; };
		CBA119702589DFCD001ACFA6 /* Info.plist */ = {isa = PBXFileReference; lastKnownFileType = text.plist.xml; path = Info.plist; sourceTree = "<group>"; };
		CBA119752589DFCD001ACFA6 /* NoteHub.app */ = {isa = PBXFileReference; explicitFileType = wrapper.application; includeInIndex = 0; path = NoteHub.app; sourceTree = BUILT_PRODUCTS_DIR; };
		CBA119772589DFCD001ACFA6 /* Info.plist */ = {isa = PBXFileReference; lastKnownFileType = text.plist.xml; path = Info.plist; sourceTree = "<group>"; };
		CBA119782589DFCD001ACFA6 /* macOS.entitlements */ = {isa = PBXFileReference; lastKnownFileType = text.plist.entitlements; path = macOS.entitlements; sourceTree = "<group>"; };
		CBCD4B67258B8A0B00FFF109 /* iOS.entitlements */ = {isa = PBXFileReference; lastKnownFileType = text.plist.entitlements; path = iOS.entitlements; sourceTree = "<group>"; };
		CBCD4B6B258B8A1400FFF109 /* CloudKit.framework */ = {isa = PBXFileReference; lastKnownFileType = wrapper.framework; name = CloudKit.framework; path = Platforms/iPhoneOS.platform/Developer/SDKs/iPhoneOS14.3.sdk/System/Library/Frameworks/CloudKit.framework; sourceTree = DEVELOPER_DIR; };
		CBCD4B6D258B8A4400FFF109 /* CloudKit.framework */ = {isa = PBXFileReference; lastKnownFileType = wrapper.framework; name = CloudKit.framework; path = System/Library/Frameworks/CloudKit.framework; sourceTree = SDKROOT; };
		CBEE4FD825930E430090DD9F /* Modifier.swift */ = {isa = PBXFileReference; lastKnownFileType = sourcecode.swift; path = Modifier.swift; sourceTree = "<group>"; };
/* End PBXFileReference section */

/* Begin PBXFrameworksBuildPhase section */
		CBA1196A2589DFCD001ACFA6 /* Frameworks */ = {
			isa = PBXFrameworksBuildPhase;
			buildActionMask = 2147483647;
			files = (
				CB8982852590E4AD00830577 /* HighlightedTextEditor in Frameworks */,
				CBEE4FDF25931BDE0090DD9F /* NativeSearchBar in Frameworks */,
				CBCD4B6C258B8A1400FFF109 /* CloudKit.framework in Frameworks */,
			);
			runOnlyForDeploymentPostprocessing = 0;
		};
		CBA119722589DFCD001ACFA6 /* Frameworks */ = {
			isa = PBXFrameworksBuildPhase;
			buildActionMask = 2147483647;
			files = (
				CB8982812590E49D00830577 /* HighlightedTextEditor in Frameworks */,
				CBF94D4D2593966A002E3BF9 /* NativeSearchBar in Frameworks */,
				CBCD4B6E258B8A4400FFF109 /* CloudKit.framework in Frameworks */,
			);
			runOnlyForDeploymentPostprocessing = 0;
		};
/* End PBXFrameworksBuildPhase section */

/* Begin PBXGroup section */
		CBA1195D2589DFCA001ACFA6 = {
			isa = PBXGroup;
			children = (
				CBA119622589DFCA001ACFA6 /* Shared */,
				CBA1196F2589DFCD001ACFA6 /* iOS */,
				CBA119762589DFCD001ACFA6 /* macOS */,
				CBA1196E2589DFCD001ACFA6 /* Products */,
				CBCD4B6A258B8A1400FFF109 /* Frameworks */,
			);
			sourceTree = "<group>";
		};
		CBA119622589DFCA001ACFA6 /* Shared */ = {
			isa = PBXGroup;
			children = (
				CBA119652589DFCA001ACFA6 /* NoteHubApp.swift */,
				CB698010258F4CA800E3C49E /* SideBar.swift */,
				CB698019258F4CDD00E3C49E /* SettingsView.swift */,
				CB698020258F4D0B00E3C49E /* RootView.swift */,
				CBA119662589DFCA001ACFA6 /* NoteList.swift */,
				CB720F71258C58CB001B65DC /* NoteItem.swift */,
				CB720F76258C58FA001B65DC /* NoteDetails.swift */,
				CB57C6C1258F34B500389C1E /* CreateNote.swift */,
				CBEE4FD825930E430090DD9F /* Modifier.swift */,
				CB720F6A258C5809001B65DC /* TrashList.swift */,
				CBA119672589DFCA001ACFA6 /* Persistence.swift */,
				CBA119632589DFCA001ACFA6 /* NoteHub.xcdatamodeld */,
				CBA119682589DFCC001ACFA6 /* Assets.xcassets */,
				CB3167A82591C79C00291DF6 /* Localizable.strings */,
			);
			path = Shared;
			sourceTree = "<group>";
		};
		CBA1196E2589DFCD001ACFA6 /* Products */ = {
			isa = PBXGroup;
			children = (
				CBA1196D2589DFCD001ACFA6 /* NoteHub.app */,
				CBA119752589DFCD001ACFA6 /* NoteHub.app */,
			);
			name = Products;
			sourceTree = "<group>";
		};
		CBA1196F2589DFCD001ACFA6 /* iOS */ = {
			isa = PBXGroup;
			children = (
				CB8982782590DA1200830577 /* TabBar.swift */,
				CBA119702589DFCD001ACFA6 /* Info.plist */,
				CBCD4B67258B8A0B00FFF109 /* iOS.entitlements */,
			);
			path = iOS;
			sourceTree = "<group>";
		};
		CBA119762589DFCD001ACFA6 /* macOS */ = {
			isa = PBXGroup;
			children = (
				CBA119772589DFCD001ACFA6 /* Info.plist */,
				CBA119782589DFCD001ACFA6 /* macOS.entitlements */,
			);
			path = macOS;
			sourceTree = "<group>";
		};
		CBCD4B6A258B8A1400FFF109 /* Frameworks */ = {
			isa = PBXGroup;
			children = (
				CBCD4B6D258B8A4400FFF109 /* CloudKit.framework */,
				CBCD4B6B258B8A1400FFF109 /* CloudKit.framework */,
			);
			name = Frameworks;
			sourceTree = "<group>";
		};
/* End PBXGroup section */

/* Begin PBXNativeTarget section */
		CBA1196C2589DFCD001ACFA6 /* NoteHub (iOS) */ = {
			isa = PBXNativeTarget;
			buildConfigurationList = CBA119852589DFCD001ACFA6 /* Build configuration list for PBXNativeTarget "NoteHub (iOS)" */;
			buildPhases = (
				CBA119692589DFCD001ACFA6 /* Sources */,
				CBA1196A2589DFCD001ACFA6 /* Frameworks */,
				CBA1196B2589DFCD001ACFA6 /* Resources */,
			);
			buildRules = (
			);
			dependencies = (
			);
			name = "NoteHub (iOS)";
			packageProductDependencies = (
				CB8982842590E4AD00830577 /* HighlightedTextEditor */,
				CBEE4FDE25931BDE0090DD9F /* NativeSearchBar */,
			);
			productName = "NoteHub (iOS)";
			productReference = CBA1196D2589DFCD001ACFA6 /* NoteHub.app */;
			productType = "com.apple.product-type.application";
		};
		CBA119742589DFCD001ACFA6 /* NoteHub (macOS) */ = {
			isa = PBXNativeTarget;
			buildConfigurationList = CBA119882589DFCD001ACFA6 /* Build configuration list for PBXNativeTarget "NoteHub (macOS)" */;
			buildPhases = (
				CBA119712589DFCD001ACFA6 /* Sources */,
				CBA119722589DFCD001ACFA6 /* Frameworks */,
				CBA119732589DFCD001ACFA6 /* Resources */,
			);
			buildRules = (
			);
			dependencies = (
			);
			name = "NoteHub (macOS)";
			packageProductDependencies = (
				CB8982802590E49D00830577 /* HighlightedTextEditor */,
				CBF94D4C2593966A002E3BF9 /* NativeSearchBar */,
			);
			productName = "NoteHub (macOS)";
			productReference = CBA119752589DFCD001ACFA6 /* NoteHub.app */;
			productType = "com.apple.product-type.application";
		};
/* End PBXNativeTarget section */

/* Begin PBXProject section */
		CBA1195E2589DFCA001ACFA6 /* Project object */ = {
			isa = PBXProject;
			attributes = {
				LastSwiftUpdateCheck = 1230;
				LastUpgradeCheck = 1230;
				TargetAttributes = {
					CBA1196C2589DFCD001ACFA6 = {
						CreatedOnToolsVersion = 12.3;
					};
					CBA119742589DFCD001ACFA6 = {
						CreatedOnToolsVersion = 12.3;
					};
				};
			};
			buildConfigurationList = CBA119612589DFCA001ACFA6 /* Build configuration list for PBXProject "NoteHub" */;
			compatibilityVersion = "Xcode 9.3";
			developmentRegion = en;
			hasScannedForEncodings = 0;
			knownRegions = (
				en,
				Base,
				ru,
			);
			mainGroup = CBA1195D2589DFCA001ACFA6;
			packageReferences = (
				CB89827F2590E49D00830577 /* XCRemoteSwiftPackageReference "HighlightedTextEditor" */,
				CBEE4FDD25931BDE0090DD9F /* XCRemoteSwiftPackageReference "NativeSearchBar" */,
			);
			productRefGroup = CBA1196E2589DFCD001ACFA6 /* Products */;
			projectDirPath = "";
			projectRoot = "";
			targets = (
				CBA1196C2589DFCD001ACFA6 /* NoteHub (iOS) */,
				CBA119742589DFCD001ACFA6 /* NoteHub (macOS) */,
			);
		};
/* End PBXProject section */

/* Begin PBXResourcesBuildPhase section */
		CBA1196B2589DFCD001ACFA6 /* Resources */ = {
			isa = PBXResourcesBuildPhase;
			buildActionMask = 2147483647;
			files = (
				CBA119812589DFCD001ACFA6 /* Assets.xcassets in Resources */,
				CB3167A52591C79C00291DF6 /* Localizable.strings in Resources */,
			);
			runOnlyForDeploymentPostprocessing = 0;
		};
		CBA119732589DFCD001ACFA6 /* Resources */ = {
			isa = PBXResourcesBuildPhase;
			buildActionMask = 2147483647;
			files = (
				CBA119822589DFCD001ACFA6 /* Assets.xcassets in Resources */,
				CB3167A62591C79C00291DF6 /* Localizable.strings in Resources */,
			);
			runOnlyForDeploymentPostprocessing = 0;
		};
/* End PBXResourcesBuildPhase section */

/* Begin PBXSourcesBuildPhase section */
		CBA119692589DFCD001ACFA6 /* Sources */ = {
			isa = PBXSourcesBuildPhase;
			buildActionMask = 2147483647;
			files = (
				CB720F77258C58FA001B65DC /* NoteDetails.swift in Sources */,
				CB720F6B258C5809001B65DC /* TrashList.swift in Sources */,
				CBA119792589DFCD001ACFA6 /* NoteHub.xcdatamodeld in Sources */,
				CB8982792590DA1200830577 /* TabBar.swift in Sources */,
				CB720F72258C58CB001B65DC /* NoteItem.swift in Sources */,
				CBA1197F2589DFCD001ACFA6 /* Persistence.swift in Sources */,
				CB69801A258F4CDD00E3C49E /* SettingsView.swift in Sources */,
				CBA1197B2589DFCD001ACFA6 /* NoteHubApp.swift in Sources */,
				CBEE4FD925930E430090DD9F /* Modifier.swift in Sources */,
				CBA1197D2589DFCD001ACFA6 /* NoteList.swift in Sources */,
				CB57C6C2258F34B500389C1E /* CreateNote.swift in Sources */,
				CB698011258F4CA800E3C49E /* SideBar.swift in Sources */,
				CB698023258F4D4900E3C49E /* RootView.swift in Sources */,
			);
			runOnlyForDeploymentPostprocessing = 0;
		};
		CBA119712589DFCD001ACFA6 /* Sources */ = {
			isa = PBXSourcesBuildPhase;
			buildActionMask = 2147483647;
			files = (
				CB720F78258C58FA001B65DC /* NoteDetails.swift in Sources */,
				CB720F6C258C5809001B65DC /* TrashList.swift in Sources */,
				CBA1197A2589DFCD001ACFA6 /* NoteHub.xcdatamodeld in Sources */,
				CB720F73258C58CB001B65DC /* NoteItem.swift in Sources */,
				CBA119802589DFCD001ACFA6 /* Persistence.swift in Sources */,
				CB69801B258F4CDD00E3C49E /* SettingsView.swift in Sources */,
				CBA1197C2589DFCD001ACFA6 /* NoteHubApp.swift in Sources */,
				CBEE4FDA25930E430090DD9F /* Modifier.swift in Sources */,
				CBA1197E2589DFCD001ACFA6 /* NoteList.swift in Sources */,
				CB57C6C3258F34B500389C1E /* CreateNote.swift in Sources */,
				CB698012258F4CA800E3C49E /* SideBar.swift in Sources */,
				CB698022258F4D4900E3C49E /* RootView.swift in Sources */,
			);
			runOnlyForDeploymentPostprocessing = 0;
		};
/* End PBXSourcesBuildPhase section */

/* Begin PBXVariantGroup section */
		CB3167A82591C79C00291DF6 /* Localizable.strings */ = {
			isa = PBXVariantGroup;
			children = (
				CB3167A72591C79C00291DF6 /* ru */,
				CB3167AB2591C7A500291DF6 /* en */,
			);
			name = Localizable.strings;
			sourceTree = "<group>";
		};
/* End PBXVariantGroup section */

/* Begin XCBuildConfiguration section */
		CBA119832589DFCD001ACFA6 /* Debug */ = {
			isa = XCBuildConfiguration;
			buildSettings = {
				ALWAYS_SEARCH_USER_PATHS = NO;
				CLANG_ANALYZER_NONNULL = YES;
				CLANG_ANALYZER_NUMBER_OBJECT_CONVERSION = YES_AGGRESSIVE;
				CLANG_CXX_LANGUAGE_STANDARD = "gnu++14";
				CLANG_CXX_LIBRARY = "libc++";
				CLANG_ENABLE_MODULES = YES;
				CLANG_ENABLE_OBJC_ARC = YES;
				CLANG_ENABLE_OBJC_WEAK = YES;
				CLANG_WARN_BLOCK_CAPTURE_AUTORELEASING = YES;
				CLANG_WARN_BOOL_CONVERSION = YES;
				CLANG_WARN_COMMA = YES;
				CLANG_WARN_CONSTANT_CONVERSION = YES;
				CLANG_WARN_DEPRECATED_OBJC_IMPLEMENTATIONS = YES;
				CLANG_WARN_DIRECT_OBJC_ISA_USAGE = YES_ERROR;
				CLANG_WARN_DOCUMENTATION_COMMENTS = YES;
				CLANG_WARN_EMPTY_BODY = YES;
				CLANG_WARN_ENUM_CONVERSION = YES;
				CLANG_WARN_INFINITE_RECURSION = YES;
				CLANG_WARN_INT_CONVERSION = YES;
				CLANG_WARN_NON_LITERAL_NULL_CONVERSION = YES;
				CLANG_WARN_OBJC_IMPLICIT_RETAIN_SELF = YES;
				CLANG_WARN_OBJC_LITERAL_CONVERSION = YES;
				CLANG_WARN_OBJC_ROOT_CLASS = YES_ERROR;
				CLANG_WARN_QUOTED_INCLUDE_IN_FRAMEWORK_HEADER = YES;
				CLANG_WARN_RANGE_LOOP_ANALYSIS = YES;
				CLANG_WARN_STRICT_PROTOTYPES = YES;
				CLANG_WARN_SUSPICIOUS_MOVE = YES;
				CLANG_WARN_UNGUARDED_AVAILABILITY = YES_AGGRESSIVE;
				CLANG_WARN_UNREACHABLE_CODE = YES;
				CLANG_WARN__DUPLICATE_METHOD_MATCH = YES;
				COPY_PHASE_STRIP = NO;
				DEBUG_INFORMATION_FORMAT = dwarf;
				ENABLE_STRICT_OBJC_MSGSEND = YES;
				ENABLE_TESTABILITY = YES;
				GCC_C_LANGUAGE_STANDARD = gnu11;
				GCC_DYNAMIC_NO_PIC = NO;
				GCC_NO_COMMON_BLOCKS = YES;
				GCC_OPTIMIZATION_LEVEL = 0;
				GCC_PREPROCESSOR_DEFINITIONS = (
					"DEBUG=1",
					"$(inherited)",
				);
				GCC_WARN_64_TO_32_BIT_CONVERSION = YES;
				GCC_WARN_ABOUT_RETURN_TYPE = YES_ERROR;
				GCC_WARN_UNDECLARED_SELECTOR = YES;
				GCC_WARN_UNINITIALIZED_AUTOS = YES_AGGRESSIVE;
				GCC_WARN_UNUSED_FUNCTION = YES;
				GCC_WARN_UNUSED_VARIABLE = YES;
				MTL_ENABLE_DEBUG_INFO = INCLUDE_SOURCE;
				MTL_FAST_MATH = YES;
				ONLY_ACTIVE_ARCH = YES;
				SWIFT_ACTIVE_COMPILATION_CONDITIONS = DEBUG;
				SWIFT_OPTIMIZATION_LEVEL = "-Onone";
			};
			name = Debug;
		};
		CBA119842589DFCD001ACFA6 /* Release */ = {
			isa = XCBuildConfiguration;
			buildSettings = {
				ALWAYS_SEARCH_USER_PATHS = NO;
				CLANG_ANALYZER_NONNULL = YES;
				CLANG_ANALYZER_NUMBER_OBJECT_CONVERSION = YES_AGGRESSIVE;
				CLANG_CXX_LANGUAGE_STANDARD = "gnu++14";
				CLANG_CXX_LIBRARY = "libc++";
				CLANG_ENABLE_MODULES = YES;
				CLANG_ENABLE_OBJC_ARC = YES;
				CLANG_ENABLE_OBJC_WEAK = YES;
				CLANG_WARN_BLOCK_CAPTURE_AUTORELEASING = YES;
				CLANG_WARN_BOOL_CONVERSION = YES;
				CLANG_WARN_COMMA = YES;
				CLANG_WARN_CONSTANT_CONVERSION = YES;
				CLANG_WARN_DEPRECATED_OBJC_IMPLEMENTATIONS = YES;
				CLANG_WARN_DIRECT_OBJC_ISA_USAGE = YES_ERROR;
				CLANG_WARN_DOCUMENTATION_COMMENTS = YES;
				CLANG_WARN_EMPTY_BODY = YES;
				CLANG_WARN_ENUM_CONVERSION = YES;
				CLANG_WARN_INFINITE_RECURSION = YES;
				CLANG_WARN_INT_CONVERSION = YES;
				CLANG_WARN_NON_LITERAL_NULL_CONVERSION = YES;
				CLANG_WARN_OBJC_IMPLICIT_RETAIN_SELF = YES;
				CLANG_WARN_OBJC_LITERAL_CONVERSION = YES;
				CLANG_WARN_OBJC_ROOT_CLASS = YES_ERROR;
				CLANG_WARN_QUOTED_INCLUDE_IN_FRAMEWORK_HEADER = YES;
				CLANG_WARN_RANGE_LOOP_ANALYSIS = YES;
				CLANG_WARN_STRICT_PROTOTYPES = YES;
				CLANG_WARN_SUSPICIOUS_MOVE = YES;
				CLANG_WARN_UNGUARDED_AVAILABILITY = YES_AGGRESSIVE;
				CLANG_WARN_UNREACHABLE_CODE = YES;
				CLANG_WARN__DUPLICATE_METHOD_MATCH = YES;
				COPY_PHASE_STRIP = NO;
				DEBUG_INFORMATION_FORMAT = "dwarf-with-dsym";
				ENABLE_NS_ASSERTIONS = NO;
				ENABLE_STRICT_OBJC_MSGSEND = YES;
				GCC_C_LANGUAGE_STANDARD = gnu11;
				GCC_NO_COMMON_BLOCKS = YES;
				GCC_WARN_64_TO_32_BIT_CONVERSION = YES;
				GCC_WARN_ABOUT_RETURN_TYPE = YES_ERROR;
				GCC_WARN_UNDECLARED_SELECTOR = YES;
				GCC_WARN_UNINITIALIZED_AUTOS = YES_AGGRESSIVE;
				GCC_WARN_UNUSED_FUNCTION = YES;
				GCC_WARN_UNUSED_VARIABLE = YES;
				MTL_ENABLE_DEBUG_INFO = NO;
				MTL_FAST_MATH = YES;
				SWIFT_COMPILATION_MODE = wholemodule;
				SWIFT_OPTIMIZATION_LEVEL = "-O";
			};
			name = Release;
		};
		CBA119862589DFCD001ACFA6 /* Debug */ = {
			isa = XCBuildConfiguration;
			buildSettings = {
				ASSETCATALOG_COMPILER_APPICON_NAME = AppIcon;
				ASSETCATALOG_COMPILER_GLOBAL_ACCENT_COLOR_NAME = AccentColor;
				CODE_SIGN_ENTITLEMENTS = iOS/iOS.entitlements;
				CODE_SIGN_STYLE = Automatic;
				DEVELOPMENT_TEAM = 48HFZR3X8K;
				ENABLE_PREVIEWS = YES;
				INFOPLIST_FILE = iOS/Info.plist;
				IPHONEOS_DEPLOYMENT_TARGET = 14.3;
				LD_RUNPATH_SEARCH_PATHS = (
					"$(inherited)",
					"@executable_path/Frameworks",
				);
				PRODUCT_BUNDLE_IDENTIFIER = com.darkfox.notehub;
				PRODUCT_NAME = NoteHub;
				SDKROOT = iphoneos;
				SWIFT_VERSION = 5.0;
				TARGETED_DEVICE_FAMILY = "1,2";
			};
			name = Debug;
		};
		CBA119872589DFCD001ACFA6 /* Release */ = {
			isa = XCBuildConfiguration;
			buildSettings = {
				ASSETCATALOG_COMPILER_APPICON_NAME = AppIcon;
				ASSETCATALOG_COMPILER_GLOBAL_ACCENT_COLOR_NAME = AccentColor;
				CODE_SIGN_ENTITLEMENTS = iOS/iOS.entitlements;
				CODE_SIGN_STYLE = Automatic;
				DEVELOPMENT_TEAM = 48HFZR3X8K;
				ENABLE_PREVIEWS = YES;
				INFOPLIST_FILE = iOS/Info.plist;
				IPHONEOS_DEPLOYMENT_TARGET = 14.3;
				LD_RUNPATH_SEARCH_PATHS = (
					"$(inherited)",
					"@executable_path/Frameworks",
				);
				PRODUCT_BUNDLE_IDENTIFIER = com.darkfox.notehub;
				PRODUCT_NAME = NoteHub;
				SDKROOT = iphoneos;
				SWIFT_VERSION = 5.0;
				TARGETED_DEVICE_FAMILY = "1,2";
				VALIDATE_PRODUCT = YES;
			};
			name = Release;
		};
		CBA119892589DFCD001ACFA6 /* Debug */ = {
			isa = XCBuildConfiguration;
			buildSettings = {
				ASSETCATALOG_COMPILER_APPICON_NAME = AppIcon;
				ASSETCATALOG_COMPILER_GLOBAL_ACCENT_COLOR_NAME = AccentColor;
				CODE_SIGN_ENTITLEMENTS = macOS/macOS.entitlements;
				CODE_SIGN_STYLE = Automatic;
				COMBINE_HIDPI_IMAGES = YES;
				DEVELOPMENT_TEAM = 48HFZR3X8K;
				ENABLE_HARDENED_RUNTIME = YES;
				ENABLE_PREVIEWS = YES;
				INFOPLIST_FILE = macOS/Info.plist;
				LD_RUNPATH_SEARCH_PATHS = (
					"$(inherited)",
					"@executable_path/../Frameworks",
				);
				MACOSX_DEPLOYMENT_TARGET = 11.0;
				PRODUCT_BUNDLE_IDENTIFIER = com.darkfox.notehub;
				PRODUCT_NAME = NoteHub;
				SDKROOT = macosx;
				SWIFT_VERSION = 5.0;
			};
			name = Debug;
		};
		CBA1198A2589DFCD001ACFA6 /* Release */ = {
			isa = XCBuildConfiguration;
			buildSettings = {
				ASSETCATALOG_COMPILER_APPICON_NAME = AppIcon;
				ASSETCATALOG_COMPILER_GLOBAL_ACCENT_COLOR_NAME = AccentColor;
				CODE_SIGN_ENTITLEMENTS = macOS/macOS.entitlements;
				CODE_SIGN_STYLE = Automatic;
				COMBINE_HIDPI_IMAGES = YES;
				DEVELOPMENT_TEAM = 48HFZR3X8K;
				ENABLE_HARDENED_RUNTIME = YES;
				ENABLE_PREVIEWS = YES;
				INFOPLIST_FILE = macOS/Info.plist;
				LD_RUNPATH_SEARCH_PATHS = (
					"$(inherited)",
					"@executable_path/../Frameworks",
				);
				MACOSX_DEPLOYMENT_TARGET = 11.0;
				PRODUCT_BUNDLE_IDENTIFIER = com.darkfox.notehub;
				PRODUCT_NAME = NoteHub;
				SDKROOT = macosx;
				SWIFT_VERSION = 5.0;
			};
			name = Release;
		};
/* End XCBuildConfiguration section */

/* Begin XCConfigurationList section */
		CBA119612589DFCA001ACFA6 /* Build configuration list for PBXProject "NoteHub" */ = {
			isa = XCConfigurationList;
			buildConfigurations = (
				CBA119832589DFCD001ACFA6 /* Debug */,
				CBA119842589DFCD001ACFA6 /* Release */,
			);
			defaultConfigurationIsVisible = 0;
			defaultConfigurationName = Release;
		};
		CBA119852589DFCD001ACFA6 /* Build configuration list for PBXNativeTarget "NoteHub (iOS)" */ = {
			isa = XCConfigurationList;
			buildConfigurations = (
				CBA119862589DFCD001ACFA6 /* Debug */,
				CBA119872589DFCD001ACFA6 /* Release */,
			);
			defaultConfigurationIsVisible = 0;
			defaultConfigurationName = Release;
		};
		CBA119882589DFCD001ACFA6 /* Build configuration list for PBXNativeTarget "NoteHub (macOS)" */ = {
			isa = XCConfigurationList;
			buildConfigurations = (
				CBA119892589DFCD001ACFA6 /* Debug */,
				CBA1198A2589DFCD001ACFA6 /* Release */,
			);
			defaultConfigurationIsVisible = 0;
			defaultConfigurationName = Release;
		};
/* End XCConfigurationList section */

/* Begin XCRemoteSwiftPackageReference section */
		CB89827F2590E49D00830577 /* XCRemoteSwiftPackageReference "HighlightedTextEditor" */ = {
			isa = XCRemoteSwiftPackageReference;
			repositoryURL = "https://github.com/kyle-n/HighlightedTextEditor";
			requirement = {
				kind = upToNextMajorVersion;
				minimumVersion = 1.5.5;
			};
		};
		CBEE4FDD25931BDE0090DD9F /* XCRemoteSwiftPackageReference "NativeSearchBar" */ = {
			isa = XCRemoteSwiftPackageReference;
			repositoryURL = "https://github.com/lisindima/NativeSearchBar.git";
			requirement = {
				kind = upToNextMajorVersion;
				minimumVersion = 2.2.0;
			};
		};
/* End XCRemoteSwiftPackageReference section */

/* Begin XCSwiftPackageProductDependency section */
		CB8982802590E49D00830577 /* HighlightedTextEditor */ = {
			isa = XCSwiftPackageProductDependency;
			package = CB89827F2590E49D00830577 /* XCRemoteSwiftPackageReference "HighlightedTextEditor" */;
			productName = HighlightedTextEditor;
		};
		CB8982842590E4AD00830577 /* HighlightedTextEditor */ = {
			isa = XCSwiftPackageProductDependency;
			package = CB89827F2590E49D00830577 /* XCRemoteSwiftPackageReference "HighlightedTextEditor" */;
			productName = HighlightedTextEditor;
		};
		CBEE4FDE25931BDE0090DD9F /* NativeSearchBar */ = {
			isa = XCSwiftPackageProductDependency;
			package = CBEE4FDD25931BDE0090DD9F /* XCRemoteSwiftPackageReference "NativeSearchBar" */;
			productName = NativeSearchBar;
		};
		CBF94D4C2593966A002E3BF9 /* NativeSearchBar */ = {
			isa = XCSwiftPackageProductDependency;
			package = CBEE4FDD25931BDE0090DD9F /* XCRemoteSwiftPackageReference "NativeSearchBar" */;
			productName = NativeSearchBar;
		};
/* End XCSwiftPackageProductDependency section */

/* Begin XCVersionGroup section */
		CBA119632589DFCA001ACFA6 /* NoteHub.xcdatamodeld */ = {
			isa = XCVersionGroup;
			children = (
				CBA119642589DFCA001ACFA6 /* Shared.xcdatamodel */,
			);
			currentVersion = CBA119642589DFCA001ACFA6 /* Shared.xcdatamodel */;
			path = NoteHub.xcdatamodeld;
			sourceTree = "<group>";
			versionGroupType = wrapper.xcdatamodel;
		};
/* End XCVersionGroup section */
	};
	rootObject = CBA1195E2589DFCA001ACFA6 /* Project object */;
}
